
Microsoft Visual Studio Solution File, Format Version 12.00
# Visual Studio Version 17
VisualStudioVersion = 17.8.34511.84
MinimumVisualStudioVersion = 10.0.40219.1
Project("{9A19103F-16F7-4668-BE54-9A1E7A4F7556}") = "PracticaProgramada_Grupo3", "PracticaProgramada_Grupo3\PracticaProgramada_Grupo3.csproj", "{61F29207-B7F0-4BC7-A3C5-463D4E135031}"
EndProject
Global
	GlobalSection(SolutionConfigurationPlatforms) = preSolution
		Debug|Any CPU = Debug|Any CPU
		Release|Any CPU = Release|Any CPU
	EndGlobalSection
	GlobalSection(ProjectConfigurationPlatforms) = postSolution
		{61F29207-B7F0-4BC7-A3C5-463D4E135031}.Debug|Any CPU.ActiveCfg = Debug|Any CPU
		{61F29207-B7F0-4BC7-A3C5-463D4E135031}.Debug|Any CPU.Build.0 = Debug|Any CPU
		{61F29207-B7F0-4BC7-A3C5-463D4E135031}.Release|Any CPU.ActiveCfg = Release|Any CPU
		{61F29207-B7F0-4BC7-A3C5-463D4E135031}.Release|Any CPU.Build.0 = Release|Any CPU
	EndGlobalSection
	GlobalSection(SolutionProperties) = preSolution
		HideSolutionNode = FALSE
	EndGlobalSection
	GlobalSection(ExtensibilityGlobals) = postSolution
		SolutionGuid = {0B16E2EC-4FC0-409B-9DD3-B86F66D50E61}
	EndGlobalSection
EndGlobal
